// !$*UTF8*$!
{
	archiveVersion = 1;
	classes = {
	};
	objectVersion = 50;
	objects = {

/* Begin PBXBuildFile section */
		E7C337412228274A00D50AE7 /* AppDelegate.swift in Sources */ = {isa = PBXBuildFile; fileRef = E7C337402228274A00D50AE7 /* AppDelegate.swift */; };
		E7C337432228274A00D50AE7 /* ViewController.swift in Sources */ = {isa = PBXBuildFile; fileRef = E7C337422228274A00D50AE7 /* ViewController.swift */; };
		E7C337462228274A00D50AE7 /* Main.storyboard in Resources */ = {isa = PBXBuildFile; fileRef = E7C337442228274A00D50AE7 /* Main.storyboard */; };
		E7C337482228274B00D50AE7 /* Assets.xcassets in Resources */ = {isa = PBXBuildFile; fileRef = E7C337472228274B00D50AE7 /* Assets.xcassets */; };
		E7C3374B2228274B00D50AE7 /* LaunchScreen.storyboard in Resources */ = {isa = PBXBuildFile; fileRef = E7C337492228274B00D50AE7 /* LaunchScreen.storyboard */; };
		E7C337532228301900D50AE7 /* OneViewController.swift in Sources */ = {isa = PBXBuildFile; fileRef = E7C337522228301900D50AE7 /* OneViewController.swift */; };
		E7C337552228302300D50AE7 /* TwoViewController.swift in Sources */ = {isa = PBXBuildFile; fileRef = E7C337542228302300D50AE7 /* TwoViewController.swift */; };
/* End PBXBuildFile section */

/* Begin PBXFileReference section */
		E7C3373D2228274A00D50AE7 /* Multiview-Rainbow.app */ = {isa = PBXFileReference; explicitFileType = wrapper.application; includeInIndex = 0; path = "Multiview-Rainbow.app"; sourceTree = BUILT_PRODUCTS_DIR; };
		E7C337402228274A00D50AE7 /* AppDelegate.swift */ = {isa = PBXFileReference; lastKnownFileType = sourcecode.swift; path = AppDelegate.swift; sourceTree = "<group>"; };
		E7C337422228274A00D50AE7 /* ViewController.swift */ = {isa = PBXFileReference; lastKnownFileType = sourcecode.swift; path = ViewController.swift; sourceTree = "<group>"; };
		E7C337452228274A00D50AE7 /* Base */ = {isa = PBXFileReference; lastKnownFileType = file.storyboard; name = Base; path = Base.lproj/Main.storyboard; sourceTree = "<group>"; };
		E7C337472228274B00D50AE7 /* Assets.xcassets */ = {isa = PBXFileReference; lastKnownFileType = folder.assetcatalog; path = Assets.xcassets; sourceTree = "<group>"; };
		E7C3374A2228274B00D50AE7 /* Base */ = {isa = PBXFileReference; lastKnownFileType = file.storyboard; name = Base; path = Base.lproj/LaunchScreen.storyboard; sourceTree = "<group>"; };
		E7C3374C2228274B00D50AE7 /* Info.plist */ = {isa = PBXFileReference; lastKnownFileType = text.plist.xml; path = Info.plist; sourceTree = "<group>"; };
		E7C337522228301900D50AE7 /* OneViewController.swift */ = {isa = PBXFileReference; lastKnownFileType = sourcecode.swift; path = OneViewController.swift; sourceTree = "<group>"; };
		E7C337542228302300D50AE7 /* TwoViewController.swift */ = {isa = PBXFileReference; lastKnownFileType = sourcecode.swift; path = TwoViewController.swift; sourceTree = "<group>"; };
/* End PBXFileReference section */

/* Begin PBXFrameworksBuildPhase section */
		E7C3373A2228274A00D50AE7 /* Frameworks */ = {
			isa = PBXFrameworksBuildPhase;
			buildActionMask = 2147483647;
			files = (
			);
			runOnlyForDeploymentPostprocessing = 0;
		};
/* End PBXFrameworksBuildPhase section */

/* Begin PBXGroup section */
		E7C337342228274A00D50AE7 = {
			isa = PBXGroup;
			children = (
				E7C3373F2228274A00D50AE7 /* Multiview-Rainbow */,
				E7C3373E2228274A00D50AE7 /* Products */,
			);
			sourceTree = "<group>";
		};
		E7C3373E2228274A00D50AE7 /* Products */ = {
			isa = PBXGroup;
			children = (
				E7C3373D2228274A00D50AE7 /* Multiview-Rainbow.app */,
			);
			name = Products;
			sourceTree = "<group>";
		};
		E7C3373F2228274A00D50AE7 /* Multiview-Rainbow */ = {
			isa = PBXGroup;
			children = (
				E7C337402228274A00D50AE7 /* AppDelegate.swift */,
				E7C337422228274A00D50AE7 /* ViewController.swift */,
				E7C337442228274A00D50AE7 /* Main.storyboard */,
				E7C337472228274B00D50AE7 /* Assets.xcassets */,
				E7C337492228274B00D50AE7 /* LaunchScreen.storyboard */,
				E7C3374C2228274B00D50AE7 /* Info.plist */,
				E7C337522228301900D50AE7 /* OneViewController.swift */,
				E7C337542228302300D50AE7 /* TwoViewController.swift */,
			);
			path = "Multiview-Rainbow";
			sourceTree = "<group>";
		};
/* End PBXGroup section */

/* Begin PBXNativeTarget section */
		E7C3373C2228274A00D50AE7 /* Multiview-Rainbow */ = {
			isa = PBXNativeTarget;
			buildConfigurationList = E7C3374F2228274B00D50AE7 /* Build configuration list for PBXNativeTarget "Multiview-Rainbow" */;
			buildPhases = (
				E7C337392228274A00D50AE7 /* Sources */,
				E7C3373A2228274A00D50AE7 /* Frameworks */,
				E7C3373B2228274A00D50AE7 /* Resources */,
			);
			buildRules = (
			);
			dependencies = (
			);
			name = "Multiview-Rainbow";
			productName = "Multiview-Rainbow";
			productReference = E7C3373D2228274A00D50AE7 /* Multiview-Rainbow.app */;
			productType = "com.apple.product-type.application";
		};
/* End PBXNativeTarget section */

/* Begin PBXProject section */
		E7C337352228274A00D50AE7 /* Project object */ = {
			isa = PBXProject;
			attributes = {
				LastSwiftUpdateCheck = 1010;
				LastUpgradeCheck = 1010;
				ORGANIZATIONNAME = "Tuhan Sapumanage";
				TargetAttributes = {
					E7C3373C2228274A00D50AE7 = {
						CreatedOnToolsVersion = 10.1;
					};
				};
			};
			buildConfigurationList = E7C337382228274A00D50AE7 /* Build configuration list for PBXProject "Multiview-Rainbow" */;
			compatibilityVersion = "Xcode 9.3";
			developmentRegion = en;
			hasScannedForEncodings = 0;
			knownRegions = (
				en,
				Base,
			);
			mainGroup = E7C337342228274A00D50AE7;
			productRefGroup = E7C3373E2228274A00D50AE7 /* Products */;
			projectDirPath = "";
			projectRoot = "";
			targets = (
				E7C3373C2228274A00D50AE7 /* Multiview-Rainbow */,
			);
		};
/* End PBXProject section */

/* Begin PBXResourcesBuildPhase section */
		E7C3373B2228274A00D50AE7 /* Resources */ = {
			isa = PBXResourcesBuildPhase;
			buildActionMask = 2147483647;
			files = (
				E7C3374B2228274B00D50AE7 /* LaunchScreen.storyboard in Resources */,
				E7C337482228274B00D50AE7 /* Assets.xcassets in Resources */,
				E7C337462228274A00D50AE7 /* Main.storyboard in Resources */,
			);
			runOnlyForDeploymentPostprocessing = 0;
		};
/* End PBXResourcesBuildPhase section */

/* Begin PBXSourcesBuildPhase section */
		E7C337392228274A00D50AE7 /* Sources */ = {
			isa = PBXSourcesBuildPhase;
			buildActionMask = 2147483647;
			files = (
				E7C337532228301900D50AE7 /* OneViewController.swift in Sources */,
				E7C337432228274A00D50AE7 /* ViewController.swift in Sources */,
				E7C337412228274A00D50AE7 /* AppDelegate.swift in Sources */,
				E7C337552228302300D50AE7 /* TwoViewController.swift in Sources */,
			);
			runOnlyForDeploymentPostprocessing = 0;
		};
/* End PBXSourcesBuildPhase section */

/* Begin PBXVariantGroup section */
		E7C337442228274A00D50AE7 /* Main.storyboard */ = {
			isa = PBXVariantGroup;
			children = (
				E7C337452228274A00D50AE7 /* Base */,
			);
			name = Main.storyboard;
			sourceTree = "<group>";
		};
		E7C337492228274B00D50AE7 /* LaunchScreen.storyboard */ = {
			isa = PBXVariantGroup;
			children = (
				E7C3374A2228274B00D50AE7 /* Base */,
			);
			name = LaunchScreen.storyboard;
			sourceTree = "<group>";
		};
/* End PBXVariantGroup section */

/* Begin XCBuildConfiguration section */
		E7C3374D2228274B00D50AE7 /* Debug */ = {
			isa = XCBuildConfiguration;
			buildSettings = {
				ALWAYS_SEARCH_USER_PATHS = NO;
				CLANG_ANALYZER_NONNULL = YES;
				CLANG_ANALYZER_NUMBER_OBJECT_CONVERSION = YES_AGGRESSIVE;
				CLANG_CXX_LANGUAGE_STANDARD = "gnu++14";
				CLANG_CXX_LIBRARY = "libc++";
				CLANG_ENABLE_MODULES = YES;
				CLANG_ENABLE_OBJC_ARC = YES;
				CLANG_ENABLE_OBJC_WEAK = YES;
				CLANG_WARN_BLOCK_CAPTURE_AUTORELEASING = YES;
				CLANG_WARN_BOOL_CONVERSION = YES;
				CLANG_WARN_COMMA = YES;
				CLANG_WARN_CONSTANT_CONVERSION = YES;
				CLANG_WARN_DEPRECATED_OBJC_IMPLEMENTATIONS = YES;
				CLANG_WARN_DIRECT_OBJC_ISA_USAGE = YES_ERROR;
				CLANG_WARN_DOCUMENTATION_COMMENTS = YES;
				CLANG_WARN_EMPTY_BODY = YES;
				CLANG_WARN_ENUM_CONVERSION = YES;
				CLANG_WARN_INFINITE_RECURSION = YES;
				CLANG_WARN_INT_CONVERSION = YES;
				CLANG_WARN_NON_LITERAL_NULL_CONVERSION = YES;
				CLANG_WARN_OBJC_IMPLICIT_RETAIN_SELF = YES;
				CLANG_WARN_OBJC_LITERAL_CONVERSION = YES;
				CLANG_WARN_OBJC_ROOT_CLASS = YES_ERROR;
				CLANG_WARN_RANGE_LOOP_ANALYSIS = YES;
				CLANG_WARN_STRICT_PROTOTYPES = YES;
				CLANG_WARN_SUSPICIOUS_MOVE = YES;
				CLANG_WARN_UNGUARDED_AVAILABILITY = YES_AGGRESSIVE;
				CLANG_WARN_UNREACHABLE_CODE = YES;
				CLANG_WARN__DUPLICATE_METHOD_MATCH = YES;
				CODE_SIGN_IDENTITY = "iPhone Developer";
				COPY_PHASE_STRIP = NO;
				DEBUG_INFORMATION_FORMAT = dwarf;
				ENABLE_STRICT_OBJC_MSGSEND = YES;
				ENABLE_TESTABILITY = YES;
				GCC_C_LANGUAGE_STANDARD = gnu11;
				GCC_DYNAMIC_NO_PIC = NO;
				GCC_NO_COMMON_BLOCKS = YES;
				GCC_OPTIMIZATION_LEVEL = 0;
				GCC_PREPROCESSOR_DEFINITIONS = (
					"DEBUG=1",
					"$(inherited)",
				);
				GCC_WARN_64_TO_32_BIT_CONVERSION = YES;
				GCC_WARN_ABOUT_RETURN_TYPE = YES_ERROR;
				GCC_WARN_UNDECLARED_SELECTOR = YES;
				GCC_WARN_UNINITIALIZED_AUTOS = YES_AGGRESSIVE;
				GCC_WARN_UNUSED_FUNCTION = YES;
				GCC_WARN_UNUSED_VARIABLE = YES;
				IPHONEOS_DEPLOYMENT_TARGET = 12.1;
				MTL_ENABLE_DEBUG_INFO = INCLUDE_SOURCE;
				MTL_FAST_MATH = YES;
				ONLY_ACTIVE_ARCH = YES;
				SDKROOT = iphoneos;
				SWIFT_ACTIVE_COMPILATION_CONDITIONS = DEBUG;
				SWIFT_OPTIMIZATION_LEVEL = "-Onone";
			};
			name = Debug;
		};
		E7C3374E2228274B00D50AE7 /* Release */ = {
			isa = XCBuildConfiguration;
			buildSettings = {
				ALWAYS_SEARCH_USER_PATHS = NO;
				CLANG_ANALYZER_NONNULL = YES;
				CLANG_ANALYZER_NUMBER_OBJECT_CONVERSION = YES_AGGRESSIVE;
				CLANG_CXX_LANGUAGE_STANDARD = "gnu++14";
				CLANG_CXX_LIBRARY = "libc++";
				CLANG_ENABLE_MODULES = YES;
				CLANG_ENABLE_OBJC_ARC = YES;
				CLANG_ENABLE_OBJC_WEAK = YES;
				CLANG_WARN_BLOCK_CAPTURE_AUTORELEASING = YES;
				CLANG_WARN_BOOL_CONVERSION = YES;
				CLANG_WARN_COMMA = YES;
				CLANG_WARN_CONSTANT_CONVERSION = YES;
				CLANG_WARN_DEPRECATED_OBJC_IMPLEMENTATIONS = YES;
				CLANG_WARN_DIRECT_OBJC_ISA_USAGE = YES_ERROR;
				CLANG_WARN_DOCUMENTATION_COMMENTS = YES;
				CLANG_WARN_EMPTY_BODY = YES;
				CLANG_WARN_ENUM_CONVERSION = YES;
				CLANG_WARN_INFINITE_RECURSION = YES;
				CLANG_WARN_INT_CONVERSION = YES;
				CLANG_WARN_NON_LITERAL_NULL_CONVERSION = YES;
				CLANG_WARN_OBJC_IMPLICIT_RETAIN_SELF = YES;
				CLANG_WARN_OBJC_LITERAL_CONVERSION = YES;
				CLANG_WARN_OBJC_ROOT_CLASS = YES_ERROR;
				CLANG_WARN_RANGE_LOOP_ANALYSIS = YES;
				CLANG_WARN_STRICT_PROTOTYPES = YES;
				CLANG_WARN_SUSPICIOUS_MOVE = YES;
				CLANG_WARN_UNGUARDED_AVAILABILITY = YES_AGGRESSIVE;
				CLANG_WARN_UNREACHABLE_CODE = YES;
				CLANG_WARN__DUPLICATE_METHOD_MATCH = YES;
				CODE_SIGN_IDENTITY = "iPhone Developer";
				COPY_PHASE_STRIP = NO;
				DEBUG_INFORMATION_FORMAT = "dwarf-with-dsym";
				ENABLE_NS_ASSERTIONS = NO;
				ENABLE_STRICT_OBJC_MSGSEND = YES;
				GCC_C_LANGUAGE_STANDARD = gnu11;
				GCC_NO_COMMON_BLOCKS = YES;
				GCC_WARN_64_TO_32_BIT_CONVERSION = YES;
				GCC_WARN_ABOUT_RETURN_TYPE = YES_ERROR;
				GCC_WARN_UNDECLARED_SELECTOR = YES;
				GCC_WARN_UNINITIALIZED_AUTOS = YES_AGGRESSIVE;
				GCC_WARN_UNUSED_FUNCTION = YES;
				GCC_WARN_UNUSED_VARIABLE = YES;
				IPHONEOS_DEPLOYMENT_TARGET = 12.1;
				MTL_ENABLE_DEBUG_INFO = NO;
				MTL_FAST_MATH = YES;
				SDKROOT = iphoneos;
				SWIFT_COMPILATION_MODE = wholemodule;
				SWIFT_OPTIMIZATION_LEVEL = "-O";
				VALIDATE_PRODUCT = YES;
			};
			name = Release;
		};
		E7C337502228274B00D50AE7 /* Debug */ = {
			isa = XCBuildConfiguration;
			buildSettings = {
				ASSETCATALOG_COMPILER_APPICON_NAME = AppIcon;
				CODE_SIGN_STYLE = Automatic;
				DEVELOPMENT_TEAM = H2WG484TJX;
				INFOPLIST_FILE = "Multiview-Rainbow/Info.plist";
				LD_RUNPATH_SEARCH_PATHS = (
					"$(inherited)",
					"@executable_path/Frameworks",
				);
				PRODUCT_BUNDLE_IDENTIFIER = "com.tuhan.Multiview-Rainbow";
				PRODUCT_NAME = "$(TARGET_NAME)";
				SWIFT_VERSION = 4.2;
				TARGETED_DEVICE_FAMILY = "1,2";
			};
			name = Debug;
		};
		E7C337512228274B00D50AE7 /* Release */ = {
			isa = XCBuildConfiguration;
			buildSettings = {
				ASSETCATALOG_COMPILER_APPICON_NAME = AppIcon;
				CODE_SIGN_STYLE = Automatic;
				DEVELOPMENT_TEAM = H2WG484TJX;
				INFOPLIST_FILE = "Multiview-Rainbow/Info.plist";
				LD_RUNPATH_SEARCH_PATHS = (
					"$(inherited)",
					"@executable_path/Frameworks",
				);
				PRODUCT_BUNDLE_IDENTIFIER = "com.tuhan.Multiview-Rainbow";
				PRODUCT_NAME = "$(TARGET_NAME)";
				SWIFT_VERSION = 4.2;
				TARGETED_DEVICE_FAMILY = "1,2";
			};
			name = Release;
		};
/* End XCBuildConfiguration section */

/* Begin XCConfigurationList section */
		E7C337382228274A00D50AE7 /* Build configuration list for PBXProject "Multiview-Rainbow" */ = {
			isa = XCConfigurationList;
			buildConfigurations = (
				E7C3374D2228274B00D50AE7 /* Debug */,
				E7C3374E2228274B00D50AE7 /* Release */,
			);
			defaultConfigurationIsVisible = 0;
			defaultConfigurationName = Release;
		};
		E7C3374F2228274B00D50AE7 /* Build configuration list for PBXNativeTarget "Multiview-Rainbow" */ = {
			isa = XCConfigurationList;
			buildConfigurations = (
				E7C337502228274B00D50AE7 /* Debug */,
				E7C337512228274B00D50AE7 /* Release */,
			);
			defaultConfigurationIsVisible = 0;
			defaultConfigurationName = Release;
		};
/* End XCConfigurationList section */
	};
	rootObject = E7C337352228274A00D50AE7 /* Project object */;
}
